
Microsoft Visual Studio Solution File, Format Version 12.00
# Visual Studio 14
VisualStudioVersion = 14.0.24720.0
MinimumVisualStudioVersion = 10.0.40219.1
Project("{FAE04EC0-301F-11D3-BF4B-00C04F79EFBC}") = "Snake", "Snake\Snake.csproj", "{FCCD43C5-A945-4169-B790-C51102E49DDF}"
EndProject
Global
	GlobalSection(SolutionConfigurationPlatforms) = preSolution
		Debug|Any CPU = Debug|Any CPU
		Release|Any CPU = Release|Any CPU
	EndGlobalSection
	GlobalSection(ProjectConfigurationPlatforms) = postSolution
		{FCCD43C5-A945-4169-B790-C51102E49DDF}.Debug|Any CPU.ActiveCfg = Debug|Any CPU
		{FCCD43C5-A945-4169-B790-C51102E49DDF}.Debug|Any CPU.Build.0 = Debug|Any CPU
		{FCCD43C5-A945-4169-B790-C51102E49DDF}.Release|Any CPU.ActiveCfg = Release|Any CPU
		{FCCD43C5-A945-4169-B790-C51102E49DDF}.Release|Any CPU.Build.0 = Release|Any CPU
	EndGlobalSection
	GlobalSection(SolutionProperties) = preSolution
		HideSolutionNode = FALSE
	EndGlobalSection
EndGlobal
